
Microsoft Visual Studio Solution File, Format Version 12.00
# Visual Studio Version 16
VisualStudioVersion = 16.0.30907.101
MinimumVisualStudioVersion = 10.0.40219.1
Project("{FAE04EC0-301F-11D3-BF4B-00C04F79EFBC}") = "TechHMWK4", "TechHMWK4\TechHMWK4.csproj", "{E9CFDE70-F232-4753-A159-7104B2C229A1}"
EndProject
Global
	GlobalSection(SolutionConfigurationPlatforms) = preSolution
		Debug|Any CPU = Debug|Any CPU
		Release|Any CPU = Release|Any CPU
	EndGlobalSection
	GlobalSection(ProjectConfigurationPlatforms) = postSolution
		{E9CFDE70-F232-4753-A159-7104B2C229A1}.Debug|Any CPU.ActiveCfg = Debug|Any CPU
		{E9CFDE70-F232-4753-A159-7104B2C229A1}.Debug|Any CPU.Build.0 = Debug|Any CPU
		{E9CFDE70-F232-4753-A159-7104B2C229A1}.Release|Any CPU.ActiveCfg = Release|Any CPU
		{E9CFDE70-F232-4753-A159-7104B2C229A1}.Release|Any CPU.Build.0 = Release|Any CPU
	EndGlobalSection
	GlobalSection(SolutionProperties) = preSolution
		HideSolutionNode = FALSE
	EndGlobalSection
	GlobalSection(ExtensibilityGlobals) = postSolution
		SolutionGuid = {3DEA9B76-0E72-4E17-B5BB-7CEE155759F9}
	EndGlobalSection
EndGlobal
